
Microsoft Visual Studio Solution File, Format Version 12.00
# Visual Studio 15
VisualStudioVersion = 15.0.26124.0
MinimumVisualStudioVersion = 15.0.26124.0
Project("{2150E333-8FDC-42A3-9474-1A3956D46DE8}") = "src", "src", "{BFC03EB0-C5D6-4D7D-BF4E-4E8C0DEC3A3E}"
EndProject
Project("{F2A71F9B-5D33-465A-A702-920D77279786}") = "Engine", "src\Engine\Engine.fsproj", "{B7376123-7DAD-4472-A075-B3F7432F49BA}"
EndProject
Project("{F2A71F9B-5D33-465A-A702-920D77279786}") = "Console", "src\Console\Console.fsproj", "{03B552F1-9721-4238-93BA-3B2A94717BD5}"
EndProject
Project("{F2A71F9B-5D33-465A-A702-920D77279786}") = "OANDA", "src\OANDA\OANDA.fsproj", "{52D98196-459C-42A4-B75C-A8C7F15B95AF}"
EndProject
Project("{F2A71F9B-5D33-465A-A702-920D77279786}") = "Exchange", "src\Exchange\Exchange.fsproj", "{02589E56-7E42-48CD-9D3D-AF5AE8A1BA4A}"
EndProject
Global
	GlobalSection(SolutionConfigurationPlatforms) = preSolution
		Debug|Any CPU = Debug|Any CPU
		Debug|x64 = Debug|x64
		Debug|x86 = Debug|x86
		Release|Any CPU = Release|Any CPU
		Release|x64 = Release|x64
		Release|x86 = Release|x86
	EndGlobalSection
	GlobalSection(SolutionProperties) = preSolution
		HideSolutionNode = FALSE
	EndGlobalSection
	GlobalSection(ProjectConfigurationPlatforms) = postSolution
		{B7376123-7DAD-4472-A075-B3F7432F49BA}.Debug|Any CPU.ActiveCfg = Debug|Any CPU
		{B7376123-7DAD-4472-A075-B3F7432F49BA}.Debug|Any CPU.Build.0 = Debug|Any CPU
		{B7376123-7DAD-4472-A075-B3F7432F49BA}.Debug|x64.ActiveCfg = Debug|Any CPU
		{B7376123-7DAD-4472-A075-B3F7432F49BA}.Debug|x64.Build.0 = Debug|Any CPU
		{B7376123-7DAD-4472-A075-B3F7432F49BA}.Debug|x86.ActiveCfg = Debug|Any CPU
		{B7376123-7DAD-4472-A075-B3F7432F49BA}.Debug|x86.Build.0 = Debug|Any CPU
		{B7376123-7DAD-4472-A075-B3F7432F49BA}.Release|Any CPU.ActiveCfg = Release|Any CPU
		{B7376123-7DAD-4472-A075-B3F7432F49BA}.Release|Any CPU.Build.0 = Release|Any CPU
		{B7376123-7DAD-4472-A075-B3F7432F49BA}.Release|x64.ActiveCfg = Release|Any CPU
		{B7376123-7DAD-4472-A075-B3F7432F49BA}.Release|x64.Build.0 = Release|Any CPU
		{B7376123-7DAD-4472-A075-B3F7432F49BA}.Release|x86.ActiveCfg = Release|Any CPU
		{B7376123-7DAD-4472-A075-B3F7432F49BA}.Release|x86.Build.0 = Release|Any CPU
		{03B552F1-9721-4238-93BA-3B2A94717BD5}.Debug|Any CPU.ActiveCfg = Debug|Any CPU
		{03B552F1-9721-4238-93BA-3B2A94717BD5}.Debug|Any CPU.Build.0 = Debug|Any CPU
		{03B552F1-9721-4238-93BA-3B2A94717BD5}.Debug|x64.ActiveCfg = Debug|Any CPU
		{03B552F1-9721-4238-93BA-3B2A94717BD5}.Debug|x64.Build.0 = Debug|Any CPU
		{03B552F1-9721-4238-93BA-3B2A94717BD5}.Debug|x86.ActiveCfg = Debug|Any CPU
		{03B552F1-9721-4238-93BA-3B2A94717BD5}.Debug|x86.Build.0 = Debug|Any CPU
		{03B552F1-9721-4238-93BA-3B2A94717BD5}.Release|Any CPU.ActiveCfg = Release|Any CPU
		{03B552F1-9721-4238-93BA-3B2A94717BD5}.Release|Any CPU.Build.0 = Release|Any CPU
		{03B552F1-9721-4238-93BA-3B2A94717BD5}.Release|x64.ActiveCfg = Release|Any CPU
		{03B552F1-9721-4238-93BA-3B2A94717BD5}.Release|x64.Build.0 = Release|Any CPU
		{03B552F1-9721-4238-93BA-3B2A94717BD5}.Release|x86.ActiveCfg = Release|Any CPU
		{03B552F1-9721-4238-93BA-3B2A94717BD5}.Release|x86.Build.0 = Release|Any CPU
		{52D98196-459C-42A4-B75C-A8C7F15B95AF}.Debug|Any CPU.ActiveCfg = Debug|Any CPU
		{52D98196-459C-42A4-B75C-A8C7F15B95AF}.Debug|Any CPU.Build.0 = Debug|Any CPU
		{52D98196-459C-42A4-B75C-A8C7F15B95AF}.Debug|x64.ActiveCfg = Debug|Any CPU
		{52D98196-459C-42A4-B75C-A8C7F15B95AF}.Debug|x64.Build.0 = Debug|Any CPU
		{52D98196-459C-42A4-B75C-A8C7F15B95AF}.Debug|x86.ActiveCfg = Debug|Any CPU
		{52D98196-459C-42A4-B75C-A8C7F15B95AF}.Debug|x86.Build.0 = Debug|Any CPU
		{52D98196-459C-42A4-B75C-A8C7F15B95AF}.Release|Any CPU.ActiveCfg = Release|Any CPU
		{52D98196-459C-42A4-B75C-A8C7F15B95AF}.Release|Any CPU.Build.0 = Release|Any CPU
		{52D98196-459C-42A4-B75C-A8C7F15B95AF}.Release|x64.ActiveCfg = Release|Any CPU
		{52D98196-459C-42A4-B75C-A8C7F15B95AF}.Release|x64.Build.0 = Release|Any CPU
		{52D98196-459C-42A4-B75C-A8C7F15B95AF}.Release|x86.ActiveCfg = Release|Any CPU
		{52D98196-459C-42A4-B75C-A8C7F15B95AF}.Release|x86.Build.0 = Release|Any CPU
		{02589E56-7E42-48CD-9D3D-AF5AE8A1BA4A}.Debug|Any CPU.ActiveCfg = Debug|Any CPU
		{02589E56-7E42-48CD-9D3D-AF5AE8A1BA4A}.Debug|Any CPU.Build.0 = Debug|Any CPU
		{02589E56-7E42-48CD-9D3D-AF5AE8A1BA4A}.Debug|x64.ActiveCfg = Debug|Any CPU
		{02589E56-7E42-48CD-9D3D-AF5AE8A1BA4A}.Debug|x64.Build.0 = Debug|Any CPU
		{02589E56-7E42-48CD-9D3D-AF5AE8A1BA4A}.Debug|x86.ActiveCfg = Debug|Any CPU
		{02589E56-7E42-48CD-9D3D-AF5AE8A1BA4A}.Debug|x86.Build.0 = Debug|Any CPU
		{02589E56-7E42-48CD-9D3D-AF5AE8A1BA4A}.Release|Any CPU.ActiveCfg = Release|Any CPU
		{02589E56-7E42-48CD-9D3D-AF5AE8A1BA4A}.Release|Any CPU.Build.0 = Release|Any CPU
		{02589E56-7E42-48CD-9D3D-AF5AE8A1BA4A}.Release|x64.ActiveCfg = Release|Any CPU
		{02589E56-7E42-48CD-9D3D-AF5AE8A1BA4A}.Release|x64.Build.0 = Release|Any CPU
		{02589E56-7E42-48CD-9D3D-AF5AE8A1BA4A}.Release|x86.ActiveCfg = Release|Any CPU
		{02589E56-7E42-48CD-9D3D-AF5AE8A1BA4A}.Release|x86.Build.0 = Release|Any CPU
	EndGlobalSection
	GlobalSection(NestedProjects) = preSolution
		{B7376123-7DAD-4472-A075-B3F7432F49BA} = {BFC03EB0-C5D6-4D7D-BF4E-4E8C0DEC3A3E}
		{03B552F1-9721-4238-93BA-3B2A94717BD5} = {BFC03EB0-C5D6-4D7D-BF4E-4E8C0DEC3A3E}
		{52D98196-459C-42A4-B75C-A8C7F15B95AF} = {BFC03EB0-C5D6-4D7D-BF4E-4E8C0DEC3A3E}
		{02589E56-7E42-48CD-9D3D-AF5AE8A1BA4A} = {BFC03EB0-C5D6-4D7D-BF4E-4E8C0DEC3A3E}
	EndGlobalSection
EndGlobal
